// !$*UTF8*$!
{
	archiveVersion = 1;
	classes = {
	};
	objectVersion = 46;
	objects = {

/* Begin PBXBuildFile section */
		3811DA911785158D008B2643 /* UIKit.framework in Frameworks */ = {isa = PBXBuildFile; fileRef = 3811DA901785158D008B2643 /* UIKit.framework */; };
		3811DA931785158D008B2643 /* Foundation.framework in Frameworks */ = {isa = PBXBuildFile; fileRef = 3811DA921785158D008B2643 /* Foundation.framework */; };
		3811DA951785158D008B2643 /* CoreGraphics.framework in Frameworks */ = {isa = PBXBuildFile; fileRef = 3811DA941785158D008B2643 /* CoreGraphics.framework */; };
		3811DA9B1785158D008B2643 /* InfoPlist.strings in Resources */ = {isa = PBXBuildFile; fileRef = 3811DA991785158D008B2643 /* InfoPlist.strings */; };
		3811DA9D1785158D008B2643 /* main.m in Sources */ = {isa = PBXBuildFile; fileRef = 3811DA9C1785158D008B2643 /* main.m */; };
		3811DAA11785158D008B2643 /* AppDelegate.m in Sources */ = {isa = PBXBuildFile; fileRef = 3811DAA01785158D008B2643 /* AppDelegate.m */; };
		3811DAA31785158D008B2643 /* Default.png in Resources */ = {isa = PBXBuildFile; fileRef = 3811DAA21785158D008B2643 /* Default.png */; };
		3811DAA51785158D008B2643 /* Default@2x.png in Resources */ = {isa = PBXBuildFile; fileRef = 3811DAA41785158D008B2643 /* Default@2x.png */; };
		3811DAA71785158D008B2643 /* Default-568h@2x.png in Resources */ = {isa = PBXBuildFile; fileRef = 3811DAA61785158D008B2643 /* Default-568h@2x.png */; };
		3811DAAA1785158D008B2643 /* ViewController.m in Sources */ = {isa = PBXBuildFile; fileRef = 3811DAA91785158D008B2643 /* ViewController.m */; };
		3811DAAD1785158D008B2643 /* ViewController.xib in Resources */ = {isa = PBXBuildFile; fileRef = 3811DAAB1785158D008B2643 /* ViewController.xib */; };
		3811DAB5178515B5008B2643 /* ColorPickerTestView.m in Sources */ = {isa = PBXBuildFile; fileRef = 3811DAB4178515B5008B2643 /* ColorPickerTestView.m */; };
		3811DAB8178515D0008B2643 /* WheelColorView.m in Sources */ = {isa = PBXBuildFile; fileRef = 3811DAB7178515D0008B2643 /* WheelColorView.m */; };
		3811DABB178515F2008B2643 /* GridColorView.m in Sources */ = {isa = PBXBuildFile; fileRef = 3811DABA178515F2008B2643 /* GridColorView.m */; };
		3811DABE1785549D008B2643 /* ColorView.m in Sources */ = {isa = PBXBuildFile; fileRef = 3811DABD1785549D008B2643 /* ColorView.m */; };
/* End PBXBuildFile section */

/* Begin PBXFileReference section */
		3811DA8D1785158D008B2643 /* ColorPickerViewTest.app */ = {isa = PBXFileReference; explicitFileType = wrapper.application; includeInIndex = 0; path = ColorPickerViewTest.app; sourceTree = BUILT_PRODUCTS_DIR; };
		3811DA901785158D008B2643 /* UIKit.framework */ = {isa = PBXFileReference; lastKnownFileType = wrapper.framework; name = UIKit.framework; path = System/Library/Frameworks/UIKit.framework; sourceTree = SDKROOT; };
		3811DA921785158D008B2643 /* Foundation.framework */ = {isa = PBXFileReference; lastKnownFileType = wrapper.framework; name = Foundation.framework; path = System/Library/Frameworks/Foundation.framework; sourceTree = SDKROOT; };
		3811DA941785158D008B2643 /* CoreGraphics.framework */ = {isa = PBXFileReference; lastKnownFileType = wrapper.framework; name = CoreGraphics.framework; path = System/Library/Frameworks/CoreGraphics.framework; sourceTree = SDKROOT; };
		3811DA981785158D008B2643 /* ColorPickerViewTest-Info.plist */ = {isa = PBXFileReference; lastKnownFileType = text.plist.xml; path = "ColorPickerViewTest-Info.plist"; sourceTree = "<group>"; };
		3811DA9A1785158D008B2643 /* en */ = {isa = PBXFileReference; lastKnownFileType = text.plist.strings; name = en; path = en.lproj/InfoPlist.strings; sourceTree = "<group>"; };
		3811DA9C1785158D008B2643 /* main.m */ = {isa = PBXFileReference; lastKnownFileType = sourcecode.c.objc; path = main.m; sourceTree = "<group>"; };
		3811DA9E1785158D008B2643 /* ColorPickerViewTest-Prefix.pch */ = {isa = PBXFileReference; lastKnownFileType = sourcecode.c.h; path = "ColorPickerViewTest-Prefix.pch"; sourceTree = "<group>"; };
		3811DA9F1785158D008B2643 /* AppDelegate.h */ = {isa = PBXFileReference; lastKnownFileType = sourcecode.c.h; path = AppDelegate.h; sourceTree = "<group>"; };
		3811DAA01785158D008B2643 /* AppDelegate.m */ = {isa = PBXFileReference; lastKnownFileType = sourcecode.c.objc; path = AppDelegate.m; sourceTree = "<group>"; };
		3811DAA21785158D008B2643 /* Default.png */ = {isa = PBXFileReference; lastKnownFileType = image.png; path = Default.png; sourceTree = "<group>"; };
		3811DAA41785158D008B2643 /* Default@2x.png */ = {isa = PBXFileReference; lastKnownFileType = image.png; path = "Default@2x.png"; sourceTree = "<group>"; };
		3811DAA61785158D008B2643 /* Default-568h@2x.png */ = {isa = PBXFileReference; lastKnownFileType = image.png; path = "Default-568h@2x.png"; sourceTree = "<group>"; };
		3811DAA81785158D008B2643 /* ViewController.h */ = {isa = PBXFileReference; lastKnownFileType = sourcecode.c.h; path = ViewController.h; sourceTree = "<group>"; };
		3811DAA91785158D008B2643 /* ViewController.m */ = {isa = PBXFileReference; lastKnownFileType = sourcecode.c.objc; path = ViewController.m; sourceTree = "<group>"; };
		3811DAAC1785158D008B2643 /* en */ = {isa = PBXFileReference; lastKnownFileType = file.xib; name = en; path = en.lproj/ViewController.xib; sourceTree = "<group>"; };
		3811DAB3178515B5008B2643 /* ColorPickerTestView.h */ = {isa = PBXFileReference; fileEncoding = 4; lastKnownFileType = sourcecode.c.h; path = ColorPickerTestView.h; sourceTree = "<group>"; };
		3811DAB4178515B5008B2643 /* ColorPickerTestView.m */ = {isa = PBXFileReference; fileEncoding = 4; lastKnownFileType = sourcecode.c.objc; path = ColorPickerTestView.m; sourceTree = "<group>"; };
		3811DAB6178515D0008B2643 /* WheelColorView.h */ = {isa = PBXFileReference; fileEncoding = 4; lastKnownFileType = sourcecode.c.h; path = WheelColorView.h; sourceTree = "<group>"; };
		3811DAB7178515D0008B2643 /* WheelColorView.m */ = {isa = PBXFileReference; fileEncoding = 4; lastKnownFileType = sourcecode.c.objc; path = WheelColorView.m; sourceTree = "<group>"; };
		3811DAB9178515F2008B2643 /* GridColorView.h */ = {isa = PBXFileReference; fileEncoding = 4; lastKnownFileType = sourcecode.c.h; path = GridColorView.h; sourceTree = "<group>"; };
		3811DABA178515F2008B2643 /* GridColorView.m */ = {isa = PBXFileReference; fileEncoding = 4; lastKnownFileType = sourcecode.c.objc; path = GridColorView.m; sourceTree = "<group>"; };
		3811DABC1785549D008B2643 /* ColorView.h */ = {isa = PBXFileReference; fileEncoding = 4; lastKnownFileType = sourcecode.c.h; path = ColorView.h; sourceTree = "<group>"; };
		3811DABD1785549D008B2643 /* ColorView.m */ = {isa = PBXFileReference; fileEncoding = 4; lastKnownFileType = sourcecode.c.objc; path = ColorView.m; sourceTree = "<group>"; };
/* End PBXFileReference section */

/* Begin PBXFrameworksBuildPhase section */
		3811DA8A1785158D008B2643 /* Frameworks */ = {
			isa = PBXFrameworksBuildPhase;
			buildActionMask = 2147483647;
			files = (
				3811DA911785158D008B2643 /* UIKit.framework in Frameworks */,
				3811DA931785158D008B2643 /* Foundation.framework in Frameworks */,
				3811DA951785158D008B2643 /* CoreGraphics.framework in Frameworks */,
			);
			runOnlyForDeploymentPostprocessing = 0;
		};
/* End PBXFrameworksBuildPhase section */

/* Begin PBXGroup section */
		3811DA841785158D008B2643 = {
			isa = PBXGroup;
			children = (
				3811DA961785158D008B2643 /* ColorPickerViewTest */,
				3811DA8F1785158D008B2643 /* Frameworks */,
				3811DA8E1785158D008B2643 /* Products */,
			);
			sourceTree = "<group>";
		};
		3811DA8E1785158D008B2643 /* Products */ = {
			isa = PBXGroup;
			children = (
				3811DA8D1785158D008B2643 /* ColorPickerViewTest.app */,
			);
			name = Products;
			sourceTree = "<group>";
		};
		3811DA8F1785158D008B2643 /* Frameworks */ = {
			isa = PBXGroup;
			children = (
				3811DA901785158D008B2643 /* UIKit.framework */,
				3811DA921785158D008B2643 /* Foundation.framework */,
				3811DA941785158D008B2643 /* CoreGraphics.framework */,
			);
			name = Frameworks;
			sourceTree = "<group>";
		};
		3811DA961785158D008B2643 /* ColorPickerViewTest */ = {
			isa = PBXGroup;
			children = (
				3811DA9F1785158D008B2643 /* AppDelegate.h */,
				3811DAA01785158D008B2643 /* AppDelegate.m */,
				3811DAA81785158D008B2643 /* ViewController.h */,
				3811DAA91785158D008B2643 /* ViewController.m */,
				3811DAAB1785158D008B2643 /* ViewController.xib */,
				3811DAB3178515B5008B2643 /* ColorPickerTestView.h */,
				3811DAB4178515B5008B2643 /* ColorPickerTestView.m */,
				3811DABC1785549D008B2643 /* ColorView.h */,
				3811DABD1785549D008B2643 /* ColorView.m */,
				3811DAB6178515D0008B2643 /* WheelColorView.h */,
				3811DAB7178515D0008B2643 /* WheelColorView.m */,
				3811DAB9178515F2008B2643 /* GridColorView.h */,
				3811DABA178515F2008B2643 /* GridColorView.m */,
				3811DA971785158D008B2643 /* Supporting Files */,
			);
			path = ColorPickerViewTest;
			sourceTree = "<group>";
		};
		3811DA971785158D008B2643 /* Supporting Files */ = {
			isa = PBXGroup;
			children = (
				3811DA981785158D008B2643 /* ColorPickerViewTest-Info.plist */,
				3811DA991785158D008B2643 /* InfoPlist.strings */,
				3811DA9C1785158D008B2643 /* main.m */,
				3811DA9E1785158D008B2643 /* ColorPickerViewTest-Prefix.pch */,
				3811DAA21785158D008B2643 /* Default.png */,
				3811DAA41785158D008B2643 /* Default@2x.png */,
				3811DAA61785158D008B2643 /* Default-568h@2x.png */,
			);
			name = "Supporting Files";
			sourceTree = "<group>";
		};
/* End PBXGroup section */

/* Begin PBXNativeTarget section */
		3811DA8C1785158D008B2643 /* ColorPickerViewTest */ = {
			isa = PBXNativeTarget;
			buildConfigurationList = 3811DAB01785158D008B2643 /* Build configuration list for PBXNativeTarget "ColorPickerViewTest" */;
			buildPhases = (
				3811DA891785158D008B2643 /* Sources */,
				3811DA8A1785158D008B2643 /* Frameworks */,
				3811DA8B1785158D008B2643 /* Resources */,
			);
			buildRules = (
			);
			dependencies = (
			);
			name = ColorPickerViewTest;
			productName = ColorPickerViewTest;
			productReference = 3811DA8D1785158D008B2643 /* ColorPickerViewTest.app */;
			productType = "com.apple.product-type.application";
		};
/* End PBXNativeTarget section */

/* Begin PBXProject section */
		3811DA851785158D008B2643 /* Project object */ = {
			isa = PBXProject;
			attributes = {
				LastUpgradeCheck = 0460;
				ORGANIZATIONNAME = "Chen, Duanjin";
			};
			buildConfigurationList = 3811DA881785158D008B2643 /* Build configuration list for PBXProject "ColorPickerViewTest" */;
			compatibilityVersion = "Xcode 3.2";
			developmentRegion = English;
			hasScannedForEncodings = 0;
			knownRegions = (
				en,
			);
			mainGroup = 3811DA841785158D008B2643;
			productRefGroup = 3811DA8E1785158D008B2643 /* Products */;
			projectDirPath = "";
			projectRoot = "";
			targets = (
				3811DA8C1785158D008B2643 /* ColorPickerViewTest */,
			);
		};
/* End PBXProject section */

/* Begin PBXResourcesBuildPhase section */
		3811DA8B1785158D008B2643 /* Resources */ = {
			isa = PBXResourcesBuildPhase;
			buildActionMask = 2147483647;
			files = (
				3811DA9B1785158D008B2643 /* InfoPlist.strings in Resources */,
				3811DAA31785158D008B2643 /* Default.png in Resources */,
				3811DAA51785158D008B2643 /* Default@2x.png in Resources */,
				3811DAA71785158D008B2643 /* Default-568h@2x.png in Resources */,
				3811DAAD1785158D008B2643 /* ViewController.xib in Resources */,
			);
			runOnlyForDeploymentPostprocessing = 0;
		};
/* End PBXResourcesBuildPhase section */

/* Begin PBXSourcesBuildPhase section */
		3811DA891785158D008B2643 /* Sources */ = {
			isa = PBXSourcesBuildPhase;
			buildActionMask = 2147483647;
			files = (
				3811DA9D1785158D008B2643 /* main.m in Sources */,
				3811DAA11785158D008B2643 /* AppDelegate.m in Sources */,
				3811DAAA1785158D008B2643 /* ViewController.m in Sources */,
				3811DAB5178515B5008B2643 /* ColorPickerTestView.m in Sources */,
				3811DAB8178515D0008B2643 /* WheelColorView.m in Sources */,
				3811DABB178515F2008B2643 /* GridColorView.m in Sources */,
				3811DABE1785549D008B2643 /* ColorView.m in Sources */,
			);
			runOnlyForDeploymentPostprocessing = 0;
		};
/* End PBXSourcesBuildPhase section */

/* Begin PBXVariantGroup section */
		3811DA991785158D008B2643 /* InfoPlist.strings */ = {
			isa = PBXVariantGroup;
			children = (
				3811DA9A1785158D008B2643 /* en */,
			);
			name = InfoPlist.strings;
			sourceTree = "<group>";
		};
		3811DAAB1785158D008B2643 /* ViewController.xib */ = {
			isa = PBXVariantGroup;
			children = (
				3811DAAC1785158D008B2643 /* en */,
			);
			name = ViewController.xib;
			sourceTree = "<group>";
		};
/* End PBXVariantGroup section */

/* Begin XCBuildConfiguration section */
		3811DAAE1785158D008B2643 /* Debug */ = {
			isa = XCBuildConfiguration;
			buildSettings = {
				ALWAYS_SEARCH_USER_PATHS = NO;
				CLANG_CXX_LANGUAGE_STANDARD = "gnu++0x";
				CLANG_CXX_LIBRARY = "libc++";
				CLANG_WARN_CONSTANT_CONVERSION = YES;
				CLANG_WARN_EMPTY_BODY = YES;
				CLANG_WARN_ENUM_CONVERSION = YES;
				CLANG_WARN_INT_CONVERSION = YES;
				CLANG_WARN__DUPLICATE_METHOD_MATCH = YES;
				"CODE_SIGN_IDENTITY[sdk=iphoneos*]" = "iPhone Developer";
				COPY_PHASE_STRIP = NO;
				GCC_C_LANGUAGE_STANDARD = gnu99;
				GCC_DYNAMIC_NO_PIC = NO;
				GCC_OPTIMIZATION_LEVEL = 0;
				GCC_PREPROCESSOR_DEFINITIONS = (
					"DEBUG=1",
					"$(inherited)",
				);
				GCC_SYMBOLS_PRIVATE_EXTERN = NO;
				GCC_WARN_ABOUT_RETURN_TYPE = YES;
				GCC_WARN_UNINITIALIZED_AUTOS = YES;
				GCC_WARN_UNUSED_VARIABLE = YES;
				IPHONEOS_DEPLOYMENT_TARGET = 6.1;
				ONLY_ACTIVE_ARCH = YES;
				SDKROOT = iphoneos;
			};
			name = Debug;
		};
		3811DAAF1785158D008B2643 /* Release */ = {
			isa = XCBuildConfiguration;
			buildSettings = {
				ALWAYS_SEARCH_USER_PATHS = NO;
				CLANG_CXX_LANGUAGE_STANDARD = "gnu++0x";
				CLANG_CXX_LIBRARY = "libc++";
				CLANG_WARN_CONSTANT_CONVERSION = YES;
				CLANG_WARN_EMPTY_BODY = YES;
				CLANG_WARN_ENUM_CONVERSION = YES;
				CLANG_WARN_INT_CONVERSION = YES;
				CLANG_WARN__DUPLICATE_METHOD_MATCH = YES;
				"CODE_SIGN_IDENTITY[sdk=iphoneos*]" = "iPhone Developer";
				COPY_PHASE_STRIP = YES;
				GCC_C_LANGUAGE_STANDARD = gnu99;
				GCC_WARN_ABOUT_RETURN_TYPE = YES;
				GCC_WARN_UNINITIALIZED_AUTOS = YES;
				GCC_WARN_UNUSED_VARIABLE = YES;
				IPHONEOS_DEPLOYMENT_TARGET = 6.1;
				OTHER_CFLAGS = "-DNS_BLOCK_ASSERTIONS=1";
				SDKROOT = iphoneos;
				VALIDATE_PRODUCT = YES;
			};
			name = Release;
		};
		3811DAB11785158D008B2643 /* Debug */ = {
			isa = XCBuildConfiguration;
			buildSettings = {
				GCC_PRECOMPILE_PREFIX_HEADER = YES;
				GCC_PREFIX_HEADER = "ColorPickerViewTest/ColorPickerViewTest-Prefix.pch";
				INFOPLIST_FILE = "ColorPickerViewTest/ColorPickerViewTest-Info.plist";
				IPHONEOS_DEPLOYMENT_TARGET = 6.1;
				PRODUCT_NAME = "$(TARGET_NAME)";
				WRAPPER_EXTENSION = app;
			};
			name = Debug;
		};
		3811DAB21785158D008B2643 /* Release */ = {
			isa = XCBuildConfiguration;
			buildSettings = {
				GCC_PRECOMPILE_PREFIX_HEADER = YES;
				GCC_PREFIX_HEADER = "ColorPickerViewTest/ColorPickerViewTest-Prefix.pch";
				INFOPLIST_FILE = "ColorPickerViewTest/ColorPickerViewTest-Info.plist";
				IPHONEOS_DEPLOYMENT_TARGET = 6.1;
				PRODUCT_NAME = "$(TARGET_NAME)";
				WRAPPER_EXTENSION = app;
			};
			name = Release;
		};
/* End XCBuildConfiguration section */

/* Begin XCConfigurationList section */
		3811DA881785158D008B2643 /* Build configuration list for PBXProject "ColorPickerViewTest" */ = {
			isa = XCConfigurationList;
			buildConfigurations = (
				3811DAAE1785158D008B2643 /* Debug */,
				3811DAAF1785158D008B2643 /* Release */,
			);
			defaultConfigurationIsVisible = 0;
			defaultConfigurationName = Release;
		};
		3811DAB01785158D008B2643 /* Build configuration list for PBXNativeTarget "ColorPickerViewTest" */ = {
			isa = XCConfigurationList;
			buildConfigurations = (
				3811DAB11785158D008B2643 /* Debug */,
				3811DAB21785158D008B2643 /* Release */,
			);
			defaultConfigurationIsVisible = 0;
			defaultConfigurationName = Release;
		};
/* End XCConfigurationList section */
	};
	rootObject = 3811DA851785158D008B2643 /* Project object */;
}
